
Microsoft Visual Studio Solution File, Format Version 12.00
# Visual Studio 2012
Project("{FAE04EC0-301F-11D3-BF4B-00C04F79EFBC}") = "Net.Bridge", "Library\Net.Bridge.csproj", "{73F807C6-62E6-4667-8E36-829DF0C6FFB3}"
EndProject
Project("{FAE04EC0-301F-11D3-BF4B-00C04F79EFBC}") = "Server", "Server\Server.csproj", "{7627AD51-21E3-4536-8931-061D95CECD7C}"
EndProject
Global
	GlobalSection(SolutionConfigurationPlatforms) = preSolution
		Debug|Any CPU = Debug|Any CPU
		Release|Any CPU = Release|Any CPU
	EndGlobalSection
	GlobalSection(ProjectConfigurationPlatforms) = postSolution
		{73F807C6-62E6-4667-8E36-829DF0C6FFB3}.Debug|Any CPU.ActiveCfg = Debug|Any CPU
		{73F807C6-62E6-4667-8E36-829DF0C6FFB3}.Debug|Any CPU.Build.0 = Debug|Any CPU
		{73F807C6-62E6-4667-8E36-829DF0C6FFB3}.Release|Any CPU.ActiveCfg = Release|Any CPU
		{73F807C6-62E6-4667-8E36-829DF0C6FFB3}.Release|Any CPU.Build.0 = Release|Any CPU
		{7627AD51-21E3-4536-8931-061D95CECD7C}.Debug|Any CPU.ActiveCfg = Debug|Any CPU
		{7627AD51-21E3-4536-8931-061D95CECD7C}.Debug|Any CPU.Build.0 = Debug|Any CPU
		{7627AD51-21E3-4536-8931-061D95CECD7C}.Release|Any CPU.ActiveCfg = Release|Any CPU
		{7627AD51-21E3-4536-8931-061D95CECD7C}.Release|Any CPU.Build.0 = Release|Any CPU
	EndGlobalSection
EndGlobal
